
Microsoft Visual Studio Solution File, Format Version 12.00
# Visual Studio Version 17
VisualStudioVersion = 17.3.32922.545
MinimumVisualStudioVersion = 10.0.40219.1
Project("{2150E333-8FDC-42A3-9474-1A3956D46DE8}") = "Sharding", "Sharding", "{7032698E-C64B-409B-9D40-E49D6DE8532F}"
EndProject
Project("{9A19103F-16F7-4668-BE54-9A1E7A4F7556}") = "ShardConsumer", "Sharding\ShardConsumer\ShardConsumer.csproj", "{D8DC13C6-8C83-435A-8745-A0C1E4F132E5}"
EndProject
Project("{9A19103F-16F7-4668-BE54-9A1E7A4F7556}") = "ShardingProducer", "Sharding\ShardingProducer\ShardingProducer.csproj", "{31FFCE2A-F72B-4740-80FC-7532A2F7C604}"
EndProject
Project("{9A19103F-16F7-4668-BE54-9A1E7A4F7556}") = "ShardShare", "Sharding\ShardShare\ShardShare.csproj", "{34D97218-E972-46EE-93E1-55EF977DCA20}"
EndProject
Global
	GlobalSection(SolutionConfigurationPlatforms) = preSolution
		Debug|Any CPU = Debug|Any CPU
		Release|Any CPU = Release|Any CPU
	EndGlobalSection
	GlobalSection(ProjectConfigurationPlatforms) = postSolution
		{D8DC13C6-8C83-435A-8745-A0C1E4F132E5}.Debug|Any CPU.ActiveCfg = Debug|Any CPU
		{D8DC13C6-8C83-435A-8745-A0C1E4F132E5}.Debug|Any CPU.Build.0 = Debug|Any CPU
		{D8DC13C6-8C83-435A-8745-A0C1E4F132E5}.Release|Any CPU.ActiveCfg = Release|Any CPU
		{D8DC13C6-8C83-435A-8745-A0C1E4F132E5}.Release|Any CPU.Build.0 = Release|Any CPU
		{31FFCE2A-F72B-4740-80FC-7532A2F7C604}.Debug|Any CPU.ActiveCfg = Debug|Any CPU
		{31FFCE2A-F72B-4740-80FC-7532A2F7C604}.Debug|Any CPU.Build.0 = Debug|Any CPU
		{31FFCE2A-F72B-4740-80FC-7532A2F7C604}.Release|Any CPU.ActiveCfg = Release|Any CPU
		{31FFCE2A-F72B-4740-80FC-7532A2F7C604}.Release|Any CPU.Build.0 = Release|Any CPU
		{34D97218-E972-46EE-93E1-55EF977DCA20}.Debug|Any CPU.ActiveCfg = Debug|Any CPU
		{34D97218-E972-46EE-93E1-55EF977DCA20}.Debug|Any CPU.Build.0 = Debug|Any CPU
		{34D97218-E972-46EE-93E1-55EF977DCA20}.Release|Any CPU.ActiveCfg = Release|Any CPU
		{34D97218-E972-46EE-93E1-55EF977DCA20}.Release|Any CPU.Build.0 = Release|Any CPU
	EndGlobalSection
	GlobalSection(SolutionProperties) = preSolution
		HideSolutionNode = FALSE
	EndGlobalSection
	GlobalSection(NestedProjects) = preSolution
		{D8DC13C6-8C83-435A-8745-A0C1E4F132E5} = {7032698E-C64B-409B-9D40-E49D6DE8532F}
		{31FFCE2A-F72B-4740-80FC-7532A2F7C604} = {7032698E-C64B-409B-9D40-E49D6DE8532F}
	EndGlobalSection
	GlobalSection(ExtensibilityGlobals) = postSolution
		SolutionGuid = {C85B92E1-333E-4915-8889-2500D6CD7E54}
	EndGlobalSection
EndGlobal
